
Microsoft Visual Studio Solution File, Format Version 12.00
# Visual Studio 14
VisualStudioVersion = 14.0.23107.0
MinimumVisualStudioVersion = 10.0.40219.1
Project("{FAE04EC0-301F-11D3-BF4B-00C04F79EFBC}") = "WinAppTriangulo", "WinAppTriangulo\WinAppTriangulo.csproj", "{89F58717-C4FA-48B5-8098-1EBA5C5A48CC}"
EndProject
Global
	GlobalSection(SolutionConfigurationPlatforms) = preSolution
		Debug|Any CPU = Debug|Any CPU
		Release|Any CPU = Release|Any CPU
	EndGlobalSection
	GlobalSection(ProjectConfigurationPlatforms) = postSolution
		{89F58717-C4FA-48B5-8098-1EBA5C5A48CC}.Debug|Any CPU.ActiveCfg = Debug|Any CPU
		{89F58717-C4FA-48B5-8098-1EBA5C5A48CC}.Debug|Any CPU.Build.0 = Debug|Any CPU
		{89F58717-C4FA-48B5-8098-1EBA5C5A48CC}.Release|Any CPU.ActiveCfg = Release|Any CPU
		{89F58717-C4FA-48B5-8098-1EBA5C5A48CC}.Release|Any CPU.Build.0 = Release|Any CPU
	EndGlobalSection
	GlobalSection(SolutionProperties) = preSolution
		HideSolutionNode = FALSE
	EndGlobalSection
EndGlobal
