
Microsoft Visual Studio Solution File, Format Version 12.00
# Visual Studio 15
VisualStudioVersion = 15.0.28307.1927
MinimumVisualStudioVersion = 10.0.40219.1
Project("{FAE04EC0-301F-11D3-BF4B-00C04F79EFBC}") = "WinAppTraCelsius", "WinAppTraCelsius\WinAppTraCelsius.csproj", "{A094C54B-0D09-4D88-8040-737260DDA5E8}"
EndProject
Global
	GlobalSection(SolutionConfigurationPlatforms) = preSolution
		Debug|Any CPU = Debug|Any CPU
		Release|Any CPU = Release|Any CPU
	EndGlobalSection
	GlobalSection(ProjectConfigurationPlatforms) = postSolution
		{A094C54B-0D09-4D88-8040-737260DDA5E8}.Debug|Any CPU.ActiveCfg = Debug|Any CPU
		{A094C54B-0D09-4D88-8040-737260DDA5E8}.Debug|Any CPU.Build.0 = Debug|Any CPU
		{A094C54B-0D09-4D88-8040-737260DDA5E8}.Release|Any CPU.ActiveCfg = Release|Any CPU
		{A094C54B-0D09-4D88-8040-737260DDA5E8}.Release|Any CPU.Build.0 = Release|Any CPU
	EndGlobalSection
	GlobalSection(SolutionProperties) = preSolution
		HideSolutionNode = FALSE
	EndGlobalSection
	GlobalSection(ExtensibilityGlobals) = postSolution
		SolutionGuid = {48E1402D-82A5-4EF2-B1A4-A022CD59D528}
	EndGlobalSection
EndGlobal
