
Microsoft Visual Studio Solution File, Format Version 12.00
# Visual Studio 15
VisualStudioVersion = 15.0.28307.1831
MinimumVisualStudioVersion = 10.0.40219.1
Project("{FAE04EC0-301F-11D3-BF4B-00C04F79EFBC}") = "WinappMatriz", "WinappMatriz\WinappMatriz.csproj", "{C2F947F0-E3BA-4D3E-AE5D-867D3F83D5B6}"
EndProject
Global
	GlobalSection(SolutionConfigurationPlatforms) = preSolution
		Debug|Any CPU = Debug|Any CPU
		Release|Any CPU = Release|Any CPU
	EndGlobalSection
	GlobalSection(ProjectConfigurationPlatforms) = postSolution
		{C2F947F0-E3BA-4D3E-AE5D-867D3F83D5B6}.Debug|Any CPU.ActiveCfg = Debug|Any CPU
		{C2F947F0-E3BA-4D3E-AE5D-867D3F83D5B6}.Debug|Any CPU.Build.0 = Debug|Any CPU
		{C2F947F0-E3BA-4D3E-AE5D-867D3F83D5B6}.Release|Any CPU.ActiveCfg = Release|Any CPU
		{C2F947F0-E3BA-4D3E-AE5D-867D3F83D5B6}.Release|Any CPU.Build.0 = Release|Any CPU
	EndGlobalSection
	GlobalSection(SolutionProperties) = preSolution
		HideSolutionNode = FALSE
	EndGlobalSection
	GlobalSection(ExtensibilityGlobals) = postSolution
		SolutionGuid = {06EA6EBE-EB2D-4437-B701-0185F5B22E71}
	EndGlobalSection
EndGlobal
